
Microsoft Visual Studio Solution File, Format Version 12.00
# Visual Studio Version 17
VisualStudioVersion = 17.4.33122.133
MinimumVisualStudioVersion = 10.0.40219.1
Project("{FAE04EC0-301F-11D3-BF4B-00C04F79EFBC}") = "Day10", "Day10\Day10.csproj", "{62AB768E-74CB-43B6-BF2B-024E60C26193}"
EndProject
Global
	GlobalSection(SolutionConfigurationPlatforms) = preSolution
		Debug|Any CPU = Debug|Any CPU
		Release|Any CPU = Release|Any CPU
	EndGlobalSection
	GlobalSection(ProjectConfigurationPlatforms) = postSolution
		{62AB768E-74CB-43B6-BF2B-024E60C26193}.Debug|Any CPU.ActiveCfg = Debug|Any CPU
		{62AB768E-74CB-43B6-BF2B-024E60C26193}.Debug|Any CPU.Build.0 = Debug|Any CPU
		{62AB768E-74CB-43B6-BF2B-024E60C26193}.Release|Any CPU.ActiveCfg = Release|Any CPU
		{62AB768E-74CB-43B6-BF2B-024E60C26193}.Release|Any CPU.Build.0 = Release|Any CPU
	EndGlobalSection
	GlobalSection(SolutionProperties) = preSolution
		HideSolutionNode = FALSE
	EndGlobalSection
	GlobalSection(ExtensibilityGlobals) = postSolution
		SolutionGuid = {2CFD1C65-6B7C-4A5B-A391-BFBA57C8FE76}
	EndGlobalSection
EndGlobal
