
Microsoft Visual Studio Solution File, Format Version 12.00
# Visual Studio Version 17
VisualStudioVersion = 17.4.33122.133
MinimumVisualStudioVersion = 10.0.40219.1
Project("{FAE04EC0-301F-11D3-BF4B-00C04F79EFBC}") = "Day11", "Day11\Day11.csproj", "{00D4143E-B9B9-40BC-A1AD-570A89C07D31}"
EndProject
Global
	GlobalSection(SolutionConfigurationPlatforms) = preSolution
		Debug|Any CPU = Debug|Any CPU
		Release|Any CPU = Release|Any CPU
	EndGlobalSection
	GlobalSection(ProjectConfigurationPlatforms) = postSolution
		{00D4143E-B9B9-40BC-A1AD-570A89C07D31}.Debug|Any CPU.ActiveCfg = Debug|Any CPU
		{00D4143E-B9B9-40BC-A1AD-570A89C07D31}.Debug|Any CPU.Build.0 = Debug|Any CPU
		{00D4143E-B9B9-40BC-A1AD-570A89C07D31}.Release|Any CPU.ActiveCfg = Release|Any CPU
		{00D4143E-B9B9-40BC-A1AD-570A89C07D31}.Release|Any CPU.Build.0 = Release|Any CPU
	EndGlobalSection
	GlobalSection(SolutionProperties) = preSolution
		HideSolutionNode = FALSE
	EndGlobalSection
	GlobalSection(ExtensibilityGlobals) = postSolution
		SolutionGuid = {A6CFEC29-7EBB-4115-8174-DA5397E37AB5}
	EndGlobalSection
EndGlobal
